
Microsoft Visual Studio Solution File, Format Version 12.00
# Visual Studio Version 17
VisualStudioVersion = 17.12.35527.113
MinimumVisualStudioVersion = 10.0.40219.1
Project("{2150E333-8FDC-42A3-9474-1A3956D46DE8}") = "src", "src", "{D6C828FB-29DF-48AF-ACAB-A6AC78C77EA6}"
EndProject
Project("{2150E333-8FDC-42A3-9474-1A3956D46DE8}") = "tests", "tests", "{39CFC89F-098D-4DB0-83E1-0E103DC56791}"
EndProject
Project("{FAE04EC0-301F-11D3-BF4B-00C04F79EFBC}") = "CleanArchitecture.WebApi", "src\CleanArchitecture.WebApi\CleanArchitecture.WebApi.csproj", "{2715D3C7-CA90-46D9-93D9-1FC200D0A507}"
EndProject
Project("{FAE04EC0-301F-11D3-BF4B-00C04F79EFBC}") = "CleanArchitecture.ServiceDefaults", "src\CleanArchitecture.ServiceDefaults\CleanArchitecture.ServiceDefaults.csproj", "{5C72D18D-5A72-40E4-941B-2E29A5A3A067}"
EndProject
Project("{FAE04EC0-301F-11D3-BF4B-00C04F79EFBC}") = "CleanArchitecture.Infrastructure", "src\CleanArchitecture.Infrastructure\CleanArchitecture.Infrastructure.csproj", "{30E071B4-AA06-4224-9585-A57C6A5CF077}"
EndProject
Project("{FAE04EC0-301F-11D3-BF4B-00C04F79EFBC}") = "CleanArchitecture.Domain", "src\CleanArchitecture.Domain\CleanArchitecture.Domain.csproj", "{53412552-3049-47FB-89E9-9DD0B18B7BF7}"
EndProject
Project("{FAE04EC0-301F-11D3-BF4B-00C04F79EFBC}") = "CleanArchitecture.Application", "src\CleanArchitecture.Application\CleanArchitecture.Application.csproj", "{3939F841-1983-45B8-B93F-0817FB767455}"
EndProject
Project("{FAE04EC0-301F-11D3-BF4B-00C04F79EFBC}") = "CleanArchitecture.AppHost", "src\CleanArchitecture.AppHost\CleanArchitecture.AppHost.csproj", "{02098C1C-7755-471A-8D86-930431A8130A}"
EndProject
Project("{2150E333-8FDC-42A3-9474-1A3956D46DE8}") = "Çözüm Öğeleri", "Çözüm Öğeleri", "{6C49D9BC-A759-4B3E-BF57-4E6A007AE7D6}"
	ProjectSection(SolutionItems) = preProject
		..\..\..\Downloads\README.md = ..\..\..\Downloads\README.md
	EndProjectSection
EndProject
Global
	GlobalSection(SolutionConfigurationPlatforms) = preSolution
		Debug|Any CPU = Debug|Any CPU
		Release|Any CPU = Release|Any CPU
	EndGlobalSection
	GlobalSection(ProjectConfigurationPlatforms) = postSolution
		{2715D3C7-CA90-46D9-93D9-1FC200D0A507}.Debug|Any CPU.ActiveCfg = Debug|Any CPU
		{2715D3C7-CA90-46D9-93D9-1FC200D0A507}.Debug|Any CPU.Build.0 = Debug|Any CPU
		{2715D3C7-CA90-46D9-93D9-1FC200D0A507}.Release|Any CPU.ActiveCfg = Release|Any CPU
		{2715D3C7-CA90-46D9-93D9-1FC200D0A507}.Release|Any CPU.Build.0 = Release|Any CPU
		{5C72D18D-5A72-40E4-941B-2E29A5A3A067}.Debug|Any CPU.ActiveCfg = Debug|Any CPU
		{5C72D18D-5A72-40E4-941B-2E29A5A3A067}.Debug|Any CPU.Build.0 = Debug|Any CPU
		{5C72D18D-5A72-40E4-941B-2E29A5A3A067}.Release|Any CPU.ActiveCfg = Release|Any CPU
		{5C72D18D-5A72-40E4-941B-2E29A5A3A067}.Release|Any CPU.Build.0 = Release|Any CPU
		{30E071B4-AA06-4224-9585-A57C6A5CF077}.Debug|Any CPU.ActiveCfg = Debug|Any CPU
		{30E071B4-AA06-4224-9585-A57C6A5CF077}.Debug|Any CPU.Build.0 = Debug|Any CPU
		{30E071B4-AA06-4224-9585-A57C6A5CF077}.Release|Any CPU.ActiveCfg = Release|Any CPU
		{30E071B4-AA06-4224-9585-A57C6A5CF077}.Release|Any CPU.Build.0 = Release|Any CPU
		{53412552-3049-47FB-89E9-9DD0B18B7BF7}.Debug|Any CPU.ActiveCfg = Debug|Any CPU
		{53412552-3049-47FB-89E9-9DD0B18B7BF7}.Debug|Any CPU.Build.0 = Debug|Any CPU
		{53412552-3049-47FB-89E9-9DD0B18B7BF7}.Release|Any CPU.ActiveCfg = Release|Any CPU
		{53412552-3049-47FB-89E9-9DD0B18B7BF7}.Release|Any CPU.Build.0 = Release|Any CPU
		{3939F841-1983-45B8-B93F-0817FB767455}.Debug|Any CPU.ActiveCfg = Debug|Any CPU
		{3939F841-1983-45B8-B93F-0817FB767455}.Debug|Any CPU.Build.0 = Debug|Any CPU
		{3939F841-1983-45B8-B93F-0817FB767455}.Release|Any CPU.ActiveCfg = Release|Any CPU
		{3939F841-1983-45B8-B93F-0817FB767455}.Release|Any CPU.Build.0 = Release|Any CPU
		{02098C1C-7755-471A-8D86-930431A8130A}.Debug|Any CPU.ActiveCfg = Debug|Any CPU
		{02098C1C-7755-471A-8D86-930431A8130A}.Debug|Any CPU.Build.0 = Debug|Any CPU
		{02098C1C-7755-471A-8D86-930431A8130A}.Release|Any CPU.ActiveCfg = Release|Any CPU
		{02098C1C-7755-471A-8D86-930431A8130A}.Release|Any CPU.Build.0 = Release|Any CPU
	EndGlobalSection
	GlobalSection(SolutionProperties) = preSolution
		HideSolutionNode = FALSE
	EndGlobalSection
	GlobalSection(NestedProjects) = preSolution
		{2715D3C7-CA90-46D9-93D9-1FC200D0A507} = {D6C828FB-29DF-48AF-ACAB-A6AC78C77EA6}
		{5C72D18D-5A72-40E4-941B-2E29A5A3A067} = {D6C828FB-29DF-48AF-ACAB-A6AC78C77EA6}
		{30E071B4-AA06-4224-9585-A57C6A5CF077} = {D6C828FB-29DF-48AF-ACAB-A6AC78C77EA6}
		{53412552-3049-47FB-89E9-9DD0B18B7BF7} = {D6C828FB-29DF-48AF-ACAB-A6AC78C77EA6}
		{3939F841-1983-45B8-B93F-0817FB767455} = {D6C828FB-29DF-48AF-ACAB-A6AC78C77EA6}
		{02098C1C-7755-471A-8D86-930431A8130A} = {D6C828FB-29DF-48AF-ACAB-A6AC78C77EA6}
	EndGlobalSection
EndGlobal
