
Microsoft Visual Studio Solution File, Format Version 12.00
# Visual Studio Version 17
VisualStudioVersion = 17.12.35527.113 d17.12
MinimumVisualStudioVersion = 10.0.40219.1
Project("{2150E333-8FDC-42A3-9474-1A3956D46DE8}") = "src", "src", "{A6C8B9ED-BD2E-46D7-84D2-DE6B5F43C3EA}"
EndProject
Project("{2150E333-8FDC-42A3-9474-1A3956D46DE8}") = "tests", "tests", "{CE6725CB-16B2-42D0-9DFB-E595FF2CD34C}"
EndProject
Project("{FAE04EC0-301F-11D3-BF4B-00C04F79EFBC}") = "CleanArchitecture.Domain", "CleanArchitecture.Domain\CleanArchitecture.Domain.csproj", "{6759FE38-89C1-4C30-9368-84027F89513D}"
EndProject
Project("{FAE04EC0-301F-11D3-BF4B-00C04F79EFBC}") = "CleanArchitecture.Application", "CleanArchitecture.Application\CleanArchitecture.Application.csproj", "{0FB87B15-4C69-4559-B381-2E16C016FD8D}"
EndProject
Project("{FAE04EC0-301F-11D3-BF4B-00C04F79EFBC}") = "CleanArchitecture.Infrastructure", "CleanArchitecture.Infrastructure\CleanArchitecture.Infrastructure.csproj", "{1F94045F-6F91-42EA-9741-0B6F13A5B61A}"
EndProject
Project("{FAE04EC0-301F-11D3-BF4B-00C04F79EFBC}") = "CleanArchitecture.WebApi", "CleanArchitecture.WebApi\CleanArchitecture.WebApi.csproj", "{56B4F7BA-5B55-4880-B463-91CE7251EBD5}"
EndProject
Project("{FAE04EC0-301F-11D3-BF4B-00C04F79EFBC}") = "CleanArchitecture.AppHost", "CleanArchitecture.AppHost\CleanArchitecture.AppHost.csproj", "{0D9DE841-1CB8-4665-B970-E231FBD057C0}"
EndProject
Project("{FAE04EC0-301F-11D3-BF4B-00C04F79EFBC}") = "CleanArchitecture.ServiceDefaults", "CleanArchitecture.ServiceDefaults\CleanArchitecture.ServiceDefaults.csproj", "{9E325EC7-FA20-453B-A943-C3D705DDA618}"
EndProject
Global
	GlobalSection(SolutionConfigurationPlatforms) = preSolution
		Debug|Any CPU = Debug|Any CPU
		Release|Any CPU = Release|Any CPU
	EndGlobalSection
	GlobalSection(ProjectConfigurationPlatforms) = postSolution
		{6759FE38-89C1-4C30-9368-84027F89513D}.Debug|Any CPU.ActiveCfg = Debug|Any CPU
		{6759FE38-89C1-4C30-9368-84027F89513D}.Debug|Any CPU.Build.0 = Debug|Any CPU
		{6759FE38-89C1-4C30-9368-84027F89513D}.Release|Any CPU.ActiveCfg = Release|Any CPU
		{6759FE38-89C1-4C30-9368-84027F89513D}.Release|Any CPU.Build.0 = Release|Any CPU
		{0FB87B15-4C69-4559-B381-2E16C016FD8D}.Debug|Any CPU.ActiveCfg = Debug|Any CPU
		{0FB87B15-4C69-4559-B381-2E16C016FD8D}.Debug|Any CPU.Build.0 = Debug|Any CPU
		{0FB87B15-4C69-4559-B381-2E16C016FD8D}.Release|Any CPU.ActiveCfg = Release|Any CPU
		{0FB87B15-4C69-4559-B381-2E16C016FD8D}.Release|Any CPU.Build.0 = Release|Any CPU
		{1F94045F-6F91-42EA-9741-0B6F13A5B61A}.Debug|Any CPU.ActiveCfg = Debug|Any CPU
		{1F94045F-6F91-42EA-9741-0B6F13A5B61A}.Debug|Any CPU.Build.0 = Debug|Any CPU
		{1F94045F-6F91-42EA-9741-0B6F13A5B61A}.Release|Any CPU.ActiveCfg = Release|Any CPU
		{1F94045F-6F91-42EA-9741-0B6F13A5B61A}.Release|Any CPU.Build.0 = Release|Any CPU
		{56B4F7BA-5B55-4880-B463-91CE7251EBD5}.Debug|Any CPU.ActiveCfg = Debug|Any CPU
		{56B4F7BA-5B55-4880-B463-91CE7251EBD5}.Debug|Any CPU.Build.0 = Debug|Any CPU
		{56B4F7BA-5B55-4880-B463-91CE7251EBD5}.Release|Any CPU.ActiveCfg = Release|Any CPU
		{56B4F7BA-5B55-4880-B463-91CE7251EBD5}.Release|Any CPU.Build.0 = Release|Any CPU
		{0D9DE841-1CB8-4665-B970-E231FBD057C0}.Debug|Any CPU.ActiveCfg = Debug|Any CPU
		{0D9DE841-1CB8-4665-B970-E231FBD057C0}.Debug|Any CPU.Build.0 = Debug|Any CPU
		{0D9DE841-1CB8-4665-B970-E231FBD057C0}.Release|Any CPU.ActiveCfg = Release|Any CPU
		{0D9DE841-1CB8-4665-B970-E231FBD057C0}.Release|Any CPU.Build.0 = Release|Any CPU
		{9E325EC7-FA20-453B-A943-C3D705DDA618}.Debug|Any CPU.ActiveCfg = Debug|Any CPU
		{9E325EC7-FA20-453B-A943-C3D705DDA618}.Debug|Any CPU.Build.0 = Debug|Any CPU
		{9E325EC7-FA20-453B-A943-C3D705DDA618}.Release|Any CPU.ActiveCfg = Release|Any CPU
		{9E325EC7-FA20-453B-A943-C3D705DDA618}.Release|Any CPU.Build.0 = Release|Any CPU
	EndGlobalSection
	GlobalSection(SolutionProperties) = preSolution
		HideSolutionNode = FALSE
	EndGlobalSection
	GlobalSection(NestedProjects) = preSolution
		{6759FE38-89C1-4C30-9368-84027F89513D} = {A6C8B9ED-BD2E-46D7-84D2-DE6B5F43C3EA}
		{0FB87B15-4C69-4559-B381-2E16C016FD8D} = {A6C8B9ED-BD2E-46D7-84D2-DE6B5F43C3EA}
		{1F94045F-6F91-42EA-9741-0B6F13A5B61A} = {A6C8B9ED-BD2E-46D7-84D2-DE6B5F43C3EA}
		{56B4F7BA-5B55-4880-B463-91CE7251EBD5} = {A6C8B9ED-BD2E-46D7-84D2-DE6B5F43C3EA}
	EndGlobalSection
EndGlobal
